// !$*UTF8*$!
{
	archiveVersion = 1;
	classes = {
	};
	objectVersion = 56;
	objects = {

/* Begin PBXBuildFile section */
		AA154AE72A6AB5FA009DCF73 /* FriendInfoApp.swift in Sources */ = {isa = PBXBuildFile; fileRef = AA154AE62A6AB5FA009DCF73 /* FriendInfoApp.swift */; };
		AA154AE92A6AB5FA009DCF73 /* ContentView.swift in Sources */ = {isa = PBXBuildFile; fileRef = AA154AE82A6AB5FA009DCF73 /* ContentView.swift */; };
		AA154AEB2A6AB5FB009DCF73 /* Assets.xcassets in Resources */ = {isa = PBXBuildFile; fileRef = AA154AEA2A6AB5FB009DCF73 /* Assets.xcassets */; };
		AA154AEE2A6AB5FB009DCF73 /* Preview Assets.xcassets in Resources */ = {isa = PBXBuildFile; fileRef = AA154AED2A6AB5FB009DCF73 /* Preview Assets.xcassets */; };
		AA154AF52A6AB7FC009DCF73 /* Friend.swift in Sources */ = {isa = PBXBuildFile; fileRef = AA154AF42A6AB7FC009DCF73 /* Friend.swift */; };
		AA154AF72A6AC2DD009DCF73 /* FriendDetailView.swift in Sources */ = {isa = PBXBuildFile; fileRef = AA154AF62A6AC2DD009DCF73 /* FriendDetailView.swift */; };
		AA154AF92A6AC75D009DCF73 /* ListRowsView.swift in Sources */ = {isa = PBXBuildFile; fileRef = AA154AF82A6AC75D009DCF73 /* ListRowsView.swift */; };
		AA3E4EBB2A6EA47F00322C14 /* DataController.swift in Sources */ = {isa = PBXBuildFile; fileRef = AA3E4EBA2A6EA47F00322C14 /* DataController.swift */; };
		AA3E4EBE2A6EA4C500322C14 /* Model.xcdatamodeld in Sources */ = {isa = PBXBuildFile; fileRef = AA3E4EBC2A6EA4C500322C14 /* Model.xcdatamodeld */; };
		AA3E4EC12A6EA63200322C14 /* CachedFriend+CoreDataClass.swift in Sources */ = {isa = PBXBuildFile; fileRef = AA3E4EBF2A6EA63200322C14 /* CachedFriend+CoreDataClass.swift */; };
		AA3E4EC22A6EA63200322C14 /* CachedFriend+CoreDataProperties.swift in Sources */ = {isa = PBXBuildFile; fileRef = AA3E4EC02A6EA63200322C14 /* CachedFriend+CoreDataProperties.swift */; };
		AA42331B2A71C898001DCC32 /* StrError.swift in Sources */ = {isa = PBXBuildFile; fileRef = AA42331A2A71C898001DCC32 /* StrError.swift */; };
/* End PBXBuildFile section */

/* Begin PBXFileReference section */
		AA154AE32A6AB5FA009DCF73 /* FriendInfo.app */ = {isa = PBXFileReference; explicitFileType = wrapper.application; includeInIndex = 0; path = FriendInfo.app; sourceTree = BUILT_PRODUCTS_DIR; };
		AA154AE62A6AB5FA009DCF73 /* FriendInfoApp.swift */ = {isa = PBXFileReference; lastKnownFileType = sourcecode.swift; path = FriendInfoApp.swift; sourceTree = "<group>"; };
		AA154AE82A6AB5FA009DCF73 /* ContentView.swift */ = {isa = PBXFileReference; lastKnownFileType = sourcecode.swift; path = ContentView.swift; sourceTree = "<group>"; };
		AA154AEA2A6AB5FB009DCF73 /* Assets.xcassets */ = {isa = PBXFileReference; lastKnownFileType = folder.assetcatalog; path = Assets.xcassets; sourceTree = "<group>"; };
		AA154AED2A6AB5FB009DCF73 /* Preview Assets.xcassets */ = {isa = PBXFileReference; lastKnownFileType = folder.assetcatalog; path = "Preview Assets.xcassets"; sourceTree = "<group>"; };
		AA154AF42A6AB7FC009DCF73 /* Friend.swift */ = {isa = PBXFileReference; lastKnownFileType = sourcecode.swift; path = Friend.swift; sourceTree = "<group>"; };
		AA154AF62A6AC2DD009DCF73 /* FriendDetailView.swift */ = {isa = PBXFileReference; lastKnownFileType = sourcecode.swift; path = FriendDetailView.swift; sourceTree = "<group>"; };
		AA154AF82A6AC75D009DCF73 /* ListRowsView.swift */ = {isa = PBXFileReference; lastKnownFileType = sourcecode.swift; path = ListRowsView.swift; sourceTree = "<group>"; };
		AA3E4EBA2A6EA47F00322C14 /* DataController.swift */ = {isa = PBXFileReference; lastKnownFileType = sourcecode.swift; path = DataController.swift; sourceTree = "<group>"; };
		AA3E4EBD2A6EA4C500322C14 /* Model.xcdatamodel */ = {isa = PBXFileReference; lastKnownFileType = wrapper.xcdatamodel; path = Model.xcdatamodel; sourceTree = "<group>"; };
		AA3E4EBF2A6EA63200322C14 /* CachedFriend+CoreDataClass.swift */ = {isa = PBXFileReference; lastKnownFileType = sourcecode.swift; name = "CachedFriend+CoreDataClass.swift"; path = "FriendInfo/CachedFriend+CoreDataClass.swift"; sourceTree = "<group>"; };
		AA3E4EC02A6EA63200322C14 /* CachedFriend+CoreDataProperties.swift */ = {isa = PBXFileReference; lastKnownFileType = sourcecode.swift; name = "CachedFriend+CoreDataProperties.swift"; path = "FriendInfo/CachedFriend+CoreDataProperties.swift"; sourceTree = "<group>"; };
		AA42331A2A71C898001DCC32 /* StrError.swift */ = {isa = PBXFileReference; lastKnownFileType = sourcecode.swift; path = StrError.swift; sourceTree = "<group>"; };
/* End PBXFileReference section */

/* Begin PBXFrameworksBuildPhase section */
		AA154AE02A6AB5FA009DCF73 /* Frameworks */ = {
			isa = PBXFrameworksBuildPhase;
			buildActionMask = 2147483647;
			files = (
			);
			runOnlyForDeploymentPostprocessing = 0;
		};
/* End PBXFrameworksBuildPhase section */

/* Begin PBXGroup section */
		AA154ADA2A6AB5FA009DCF73 = {
			isa = PBXGroup;
			children = (
				AA3E4EBF2A6EA63200322C14 /* CachedFriend+CoreDataClass.swift */,
				AA3E4EC02A6EA63200322C14 /* CachedFriend+CoreDataProperties.swift */,
				AA154AE52A6AB5FA009DCF73 /* FriendInfo */,
				AA154AE42A6AB5FA009DCF73 /* Products */,
			);
			sourceTree = "<group>";
		};
		AA154AE42A6AB5FA009DCF73 /* Products */ = {
			isa = PBXGroup;
			children = (
				AA154AE32A6AB5FA009DCF73 /* FriendInfo.app */,
			);
			name = Products;
			sourceTree = "<group>";
		};
		AA154AE52A6AB5FA009DCF73 /* FriendInfo */ = {
			isa = PBXGroup;
			children = (
				AA154AE62A6AB5FA009DCF73 /* FriendInfoApp.swift */,
				AA154AE82A6AB5FA009DCF73 /* ContentView.swift */,
				AA42331A2A71C898001DCC32 /* StrError.swift */,
				AA3E4EBA2A6EA47F00322C14 /* DataController.swift */,
				AA3E4EBC2A6EA4C500322C14 /* Model.xcdatamodeld */,
				AA154AF62A6AC2DD009DCF73 /* FriendDetailView.swift */,
				AA154AF82A6AC75D009DCF73 /* ListRowsView.swift */,
				AA154AF42A6AB7FC009DCF73 /* Friend.swift */,
				AA154AEA2A6AB5FB009DCF73 /* Assets.xcassets */,
				AA154AEC2A6AB5FB009DCF73 /* Preview Content */,
			);
			path = FriendInfo;
			sourceTree = "<group>";
		};
		AA154AEC2A6AB5FB009DCF73 /* Preview Content */ = {
			isa = PBXGroup;
			children = (
				AA154AED2A6AB5FB009DCF73 /* Preview Assets.xcassets */,
			);
			path = "Preview Content";
			sourceTree = "<group>";
		};
/* End PBXGroup section */

/* Begin PBXNativeTarget section */
		AA154AE22A6AB5FA009DCF73 /* FriendInfo */ = {
			isa = PBXNativeTarget;
			buildConfigurationList = AA154AF12A6AB5FB009DCF73 /* Build configuration list for PBXNativeTarget "FriendInfo" */;
			buildPhases = (
				AA154ADF2A6AB5FA009DCF73 /* Sources */,
				AA154AE02A6AB5FA009DCF73 /* Frameworks */,
				AA154AE12A6AB5FA009DCF73 /* Resources */,
			);
			buildRules = (
			);
			dependencies = (
			);
			name = FriendInfo;
			productName = FriendInfo;
			productReference = AA154AE32A6AB5FA009DCF73 /* FriendInfo.app */;
			productType = "com.apple.product-type.application";
		};
/* End PBXNativeTarget section */

/* Begin PBXProject section */
		AA154ADB2A6AB5FA009DCF73 /* Project object */ = {
			isa = PBXProject;
			attributes = {
				BuildIndependentTargetsInParallel = 1;
				LastSwiftUpdateCheck = 1430;
				LastUpgradeCheck = 1430;
				TargetAttributes = {
					AA154AE22A6AB5FA009DCF73 = {
						CreatedOnToolsVersion = 14.3.1;
					};
				};
			};
			buildConfigurationList = AA154ADE2A6AB5FA009DCF73 /* Build configuration list for PBXProject "FriendInfo" */;
			compatibilityVersion = "Xcode 14.0";
			developmentRegion = en;
			hasScannedForEncodings = 0;
			knownRegions = (
				en,
				Base,
			);
			mainGroup = AA154ADA2A6AB5FA009DCF73;
			productRefGroup = AA154AE42A6AB5FA009DCF73 /* Products */;
			projectDirPath = "";
			projectRoot = "";
			targets = (
				AA154AE22A6AB5FA009DCF73 /* FriendInfo */,
			);
		};
/* End PBXProject section */

/* Begin PBXResourcesBuildPhase section */
		AA154AE12A6AB5FA009DCF73 /* Resources */ = {
			isa = PBXResourcesBuildPhase;
			buildActionMask = 2147483647;
			files = (
				AA154AEE2A6AB5FB009DCF73 /* Preview Assets.xcassets in Resources */,
				AA154AEB2A6AB5FB009DCF73 /* Assets.xcassets in Resources */,
			);
			runOnlyForDeploymentPostprocessing = 0;
		};
/* End PBXResourcesBuildPhase section */

/* Begin PBXSourcesBuildPhase section */
		AA154ADF2A6AB5FA009DCF73 /* Sources */ = {
			isa = PBXSourcesBuildPhase;
			buildActionMask = 2147483647;
			files = (
				AA154AF52A6AB7FC009DCF73 /* Friend.swift in Sources */,
				AA3E4EC22A6EA63200322C14 /* CachedFriend+CoreDataProperties.swift in Sources */,
				AA42331B2A71C898001DCC32 /* StrError.swift in Sources */,
				AA3E4EBB2A6EA47F00322C14 /* DataController.swift in Sources */,
				AA154AE92A6AB5FA009DCF73 /* ContentView.swift in Sources */,
				AA3E4EBE2A6EA4C500322C14 /* Model.xcdatamodeld in Sources */,
				AA154AE72A6AB5FA009DCF73 /* FriendInfoApp.swift in Sources */,
				AA154AF72A6AC2DD009DCF73 /* FriendDetailView.swift in Sources */,
				AA3E4EC12A6EA63200322C14 /* CachedFriend+CoreDataClass.swift in Sources */,
				AA154AF92A6AC75D009DCF73 /* ListRowsView.swift in Sources */,
			);
			runOnlyForDeploymentPostprocessing = 0;
		};
/* End PBXSourcesBuildPhase section */

/* Begin XCBuildConfiguration section */
		AA154AEF2A6AB5FB009DCF73 /* Debug */ = {
			isa = XCBuildConfiguration;
			buildSettings = {
				ALWAYS_SEARCH_USER_PATHS = NO;
				CLANG_ANALYZER_NONNULL = YES;
				CLANG_ANALYZER_NUMBER_OBJECT_CONVERSION = YES_AGGRESSIVE;
				CLANG_CXX_LANGUAGE_STANDARD = "gnu++20";
				CLANG_ENABLE_MODULES = YES;
				CLANG_ENABLE_OBJC_ARC = YES;
				CLANG_ENABLE_OBJC_WEAK = YES;
				CLANG_WARN_BLOCK_CAPTURE_AUTORELEASING = YES;
				CLANG_WARN_BOOL_CONVERSION = YES;
				CLANG_WARN_COMMA = YES;
				CLANG_WARN_CONSTANT_CONVERSION = YES;
				CLANG_WARN_DEPRECATED_OBJC_IMPLEMENTATIONS = YES;
				CLANG_WARN_DIRECT_OBJC_ISA_USAGE = YES_ERROR;
				CLANG_WARN_DOCUMENTATION_COMMENTS = YES;
				CLANG_WARN_EMPTY_BODY = YES;
				CLANG_WARN_ENUM_CONVERSION = YES;
				CLANG_WARN_INFINITE_RECURSION = YES;
				CLANG_WARN_INT_CONVERSION = YES;
				CLANG_WARN_NON_LITERAL_NULL_CONVERSION = YES;
				CLANG_WARN_OBJC_IMPLICIT_RETAIN_SELF = YES;
				CLANG_WARN_OBJC_LITERAL_CONVERSION = YES;
				CLANG_WARN_OBJC_ROOT_CLASS = YES_ERROR;
				CLANG_WARN_QUOTED_INCLUDE_IN_FRAMEWORK_HEADER = YES;
				CLANG_WARN_RANGE_LOOP_ANALYSIS = YES;
				CLANG_WARN_STRICT_PROTOTYPES = YES;
				CLANG_WARN_SUSPICIOUS_MOVE = YES;
				CLANG_WARN_UNGUARDED_AVAILABILITY = YES_AGGRESSIVE;
				CLANG_WARN_UNREACHABLE_CODE = YES;
				CLANG_WARN__DUPLICATE_METHOD_MATCH = YES;
				COPY_PHASE_STRIP = NO;
				DEBUG_INFORMATION_FORMAT = dwarf;
				ENABLE_STRICT_OBJC_MSGSEND = YES;
				ENABLE_TESTABILITY = YES;
				GCC_C_LANGUAGE_STANDARD = gnu11;
				GCC_DYNAMIC_NO_PIC = NO;
				GCC_NO_COMMON_BLOCKS = YES;
				GCC_OPTIMIZATION_LEVEL = 0;
				GCC_PREPROCESSOR_DEFINITIONS = (
					"DEBUG=1",
					"$(inherited)",
				);
				GCC_WARN_64_TO_32_BIT_CONVERSION = YES;
				GCC_WARN_ABOUT_RETURN_TYPE = YES_ERROR;
				GCC_WARN_UNDECLARED_SELECTOR = YES;
				GCC_WARN_UNINITIALIZED_AUTOS = YES_AGGRESSIVE;
				GCC_WARN_UNUSED_FUNCTION = YES;
				GCC_WARN_UNUSED_VARIABLE = YES;
				IPHONEOS_DEPLOYMENT_TARGET = 16.4;
				MTL_ENABLE_DEBUG_INFO = INCLUDE_SOURCE;
				MTL_FAST_MATH = YES;
				ONLY_ACTIVE_ARCH = YES;
				SDKROOT = iphoneos;
				SWIFT_ACTIVE_COMPILATION_CONDITIONS = DEBUG;
				SWIFT_OPTIMIZATION_LEVEL = "-Onone";
			};
			name = Debug;
		};
		AA154AF02A6AB5FB009DCF73 /* Release */ = {
			isa = XCBuildConfiguration;
			buildSettings = {
				ALWAYS_SEARCH_USER_PATHS = NO;
				CLANG_ANALYZER_NONNULL = YES;
				CLANG_ANALYZER_NUMBER_OBJECT_CONVERSION = YES_AGGRESSIVE;
				CLANG_CXX_LANGUAGE_STANDARD = "gnu++20";
				CLANG_ENABLE_MODULES = YES;
				CLANG_ENABLE_OBJC_ARC = YES;
				CLANG_ENABLE_OBJC_WEAK = YES;
				CLANG_WARN_BLOCK_CAPTURE_AUTORELEASING = YES;
				CLANG_WARN_BOOL_CONVERSION = YES;
				CLANG_WARN_COMMA = YES;
				CLANG_WARN_CONSTANT_CONVERSION = YES;
				CLANG_WARN_DEPRECATED_OBJC_IMPLEMENTATIONS = YES;
				CLANG_WARN_DIRECT_OBJC_ISA_USAGE = YES_ERROR;
				CLANG_WARN_DOCUMENTATION_COMMENTS = YES;
				CLANG_WARN_EMPTY_BODY = YES;
				CLANG_WARN_ENUM_CONVERSION = YES;
				CLANG_WARN_INFINITE_RECURSION = YES;
				CLANG_WARN_INT_CONVERSION = YES;
				CLANG_WARN_NON_LITERAL_NULL_CONVERSION = YES;
				CLANG_WARN_OBJC_IMPLICIT_RETAIN_SELF = YES;
				CLANG_WARN_OBJC_LITERAL_CONVERSION = YES;
				CLANG_WARN_OBJC_ROOT_CLASS = YES_ERROR;
				CLANG_WARN_QUOTED_INCLUDE_IN_FRAMEWORK_HEADER = YES;
				CLANG_WARN_RANGE_LOOP_ANALYSIS = YES;
				CLANG_WARN_STRICT_PROTOTYPES = YES;
				CLANG_WARN_SUSPICIOUS_MOVE = YES;
				CLANG_WARN_UNGUARDED_AVAILABILITY = YES_AGGRESSIVE;
				CLANG_WARN_UNREACHABLE_CODE = YES;
				CLANG_WARN__DUPLICATE_METHOD_MATCH = YES;
				COPY_PHASE_STRIP = NO;
				DEBUG_INFORMATION_FORMAT = "dwarf-with-dsym";
				ENABLE_NS_ASSERTIONS = NO;
				ENABLE_STRICT_OBJC_MSGSEND = YES;
				GCC_C_LANGUAGE_STANDARD = gnu11;
				GCC_NO_COMMON_BLOCKS = YES;
				GCC_WARN_64_TO_32_BIT_CONVERSION = YES;
				GCC_WARN_ABOUT_RETURN_TYPE = YES_ERROR;
				GCC_WARN_UNDECLARED_SELECTOR = YES;
				GCC_WARN_UNINITIALIZED_AUTOS = YES_AGGRESSIVE;
				GCC_WARN_UNUSED_FUNCTION = YES;
				GCC_WARN_UNUSED_VARIABLE = YES;
				IPHONEOS_DEPLOYMENT_TARGET = 16.4;
				MTL_ENABLE_DEBUG_INFO = NO;
				MTL_FAST_MATH = YES;
				SDKROOT = iphoneos;
				SWIFT_COMPILATION_MODE = wholemodule;
				SWIFT_OPTIMIZATION_LEVEL = "-O";
				VALIDATE_PRODUCT = YES;
			};
			name = Release;
		};
		AA154AF22A6AB5FB009DCF73 /* Debug */ = {
			isa = XCBuildConfiguration;
			buildSettings = {
				ASSETCATALOG_COMPILER_APPICON_NAME = AppIcon;
				ASSETCATALOG_COMPILER_GLOBAL_ACCENT_COLOR_NAME = AccentColor;
				CODE_SIGN_STYLE = Automatic;
				CURRENT_PROJECT_VERSION = 1;
				DEVELOPMENT_ASSET_PATHS = "\"FriendInfo/Preview Content\"";
				ENABLE_PREVIEWS = YES;
				GENERATE_INFOPLIST_FILE = YES;
				INFOPLIST_KEY_UIApplicationSceneManifest_Generation = YES;
				INFOPLIST_KEY_UIApplicationSupportsIndirectInputEvents = YES;
				INFOPLIST_KEY_UILaunchScreen_Generation = YES;
				INFOPLIST_KEY_UISupportedInterfaceOrientations_iPad = "UIInterfaceOrientationPortrait UIInterfaceOrientationPortraitUpsideDown UIInterfaceOrientationLandscapeLeft UIInterfaceOrientationLandscapeRight";
				INFOPLIST_KEY_UISupportedInterfaceOrientations_iPhone = "UIInterfaceOrientationPortrait UIInterfaceOrientationLandscapeLeft UIInterfaceOrientationLandscapeRight";
				LD_RUNPATH_SEARCH_PATHS = (
					"$(inherited)",
					"@executable_path/Frameworks",
				);
				MARKETING_VERSION = 1.0;
				PRODUCT_BUNDLE_IDENTIFIER = com.shermandigital.FriendInfo;
				PRODUCT_NAME = "$(TARGET_NAME)";
				SWIFT_EMIT_LOC_STRINGS = YES;
				SWIFT_VERSION = 5.0;
				TARGETED_DEVICE_FAMILY = "1,2";
			};
			name = Debug;
		};
		AA154AF32A6AB5FB009DCF73 /* Release */ = {
			isa = XCBuildConfiguration;
			buildSettings = {
				ASSETCATALOG_COMPILER_APPICON_NAME = AppIcon;
				ASSETCATALOG_COMPILER_GLOBAL_ACCENT_COLOR_NAME = AccentColor;
				CODE_SIGN_STYLE = Automatic;
				CURRENT_PROJECT_VERSION = 1;
				DEVELOPMENT_ASSET_PATHS = "\"FriendInfo/Preview Content\"";
				ENABLE_PREVIEWS = YES;
				GENERATE_INFOPLIST_FILE = YES;
				INFOPLIST_KEY_UIApplicationSceneManifest_Generation = YES;
				INFOPLIST_KEY_UIApplicationSupportsIndirectInputEvents = YES;
				INFOPLIST_KEY_UILaunchScreen_Generation = YES;
				INFOPLIST_KEY_UISupportedInterfaceOrientations_iPad = "UIInterfaceOrientationPortrait UIInterfaceOrientationPortraitUpsideDown UIInterfaceOrientationLandscapeLeft UIInterfaceOrientationLandscapeRight";
				INFOPLIST_KEY_UISupportedInterfaceOrientations_iPhone = "UIInterfaceOrientationPortrait UIInterfaceOrientationLandscapeLeft UIInterfaceOrientationLandscapeRight";
				LD_RUNPATH_SEARCH_PATHS = (
					"$(inherited)",
					"@executable_path/Frameworks",
				);
				MARKETING_VERSION = 1.0;
				PRODUCT_BUNDLE_IDENTIFIER = com.shermandigital.FriendInfo;
				PRODUCT_NAME = "$(TARGET_NAME)";
				SWIFT_EMIT_LOC_STRINGS = YES;
				SWIFT_VERSION = 5.0;
				TARGETED_DEVICE_FAMILY = "1,2";
			};
			name = Release;
		};
/* End XCBuildConfiguration section */

/* Begin XCConfigurationList section */
		AA154ADE2A6AB5FA009DCF73 /* Build configuration list for PBXProject "FriendInfo" */ = {
			isa = XCConfigurationList;
			buildConfigurations = (
				AA154AEF2A6AB5FB009DCF73 /* Debug */,
				AA154AF02A6AB5FB009DCF73 /* Release */,
			);
			defaultConfigurationIsVisible = 0;
			defaultConfigurationName = Release;
		};
		AA154AF12A6AB5FB009DCF73 /* Build configuration list for PBXNativeTarget "FriendInfo" */ = {
			isa = XCConfigurationList;
			buildConfigurations = (
				AA154AF22A6AB5FB009DCF73 /* Debug */,
				AA154AF32A6AB5FB009DCF73 /* Release */,
			);
			defaultConfigurationIsVisible = 0;
			defaultConfigurationName = Release;
		};
/* End XCConfigurationList section */

/* Begin XCVersionGroup section */
		AA3E4EBC2A6EA4C500322C14 /* Model.xcdatamodeld */ = {
			isa = XCVersionGroup;
			children = (
				AA3E4EBD2A6EA4C500322C14 /* Model.xcdatamodel */,
			);
			currentVersion = AA3E4EBD2A6EA4C500322C14 /* Model.xcdatamodel */;
			path = Model.xcdatamodeld;
			sourceTree = "<group>";
			versionGroupType = wrapper.xcdatamodel;
		};
/* End XCVersionGroup section */
	};
	rootObject = AA154ADB2A6AB5FA009DCF73 /* Project object */;
}
