// !$*UTF8*$!
{
	archiveVersion = 1;
	classes = {
	};
	objectVersion = 56;
	objects = {

/* Begin PBXBuildFile section */
		AA76234B2A20E698009B6A22 /* ImBlue.swift in Sources */ = {isa = PBXBuildFile; fileRef = AA76234A2A20E698009B6A22 /* ImBlue.swift */; };
		AA8243392A1F94A20092947E /* Views_and_ModifiersApp.swift in Sources */ = {isa = PBXBuildFile; fileRef = AA8243382A1F94A20092947E /* Views_and_ModifiersApp.swift */; };
		AA82433B2A1F94A20092947E /* ContentView.swift in Sources */ = {isa = PBXBuildFile; fileRef = AA82433A2A1F94A20092947E /* ContentView.swift */; };
		AA82433D2A1F94A40092947E /* Assets.xcassets in Resources */ = {isa = PBXBuildFile; fileRef = AA82433C2A1F94A40092947E /* Assets.xcassets */; };
		AA8243402A1F94A40092947E /* Preview Assets.xcassets in Resources */ = {isa = PBXBuildFile; fileRef = AA82433F2A1F94A40092947E /* Preview Assets.xcassets */; };
		AA8243472A1F99A00092947E /* CapsuleText.swift in Sources */ = {isa = PBXBuildFile; fileRef = AA8243462A1F99A00092947E /* CapsuleText.swift */; };
		AA8243492A1F9AB00092947E /* Watermark.swift in Sources */ = {isa = PBXBuildFile; fileRef = AA8243482A1F9AB00092947E /* Watermark.swift */; };
/* End PBXBuildFile section */

/* Begin PBXFileReference section */
		AA76234A2A20E698009B6A22 /* ImBlue.swift */ = {isa = PBXFileReference; lastKnownFileType = sourcecode.swift; path = ImBlue.swift; sourceTree = "<group>"; };
		AA8243352A1F94A20092947E /* Views and Modifiers.app */ = {isa = PBXFileReference; explicitFileType = wrapper.application; includeInIndex = 0; path = "Views and Modifiers.app"; sourceTree = BUILT_PRODUCTS_DIR; };
		AA8243382A1F94A20092947E /* Views_and_ModifiersApp.swift */ = {isa = PBXFileReference; lastKnownFileType = sourcecode.swift; path = Views_and_ModifiersApp.swift; sourceTree = "<group>"; };
		AA82433A2A1F94A20092947E /* ContentView.swift */ = {isa = PBXFileReference; lastKnownFileType = sourcecode.swift; path = ContentView.swift; sourceTree = "<group>"; };
		AA82433C2A1F94A40092947E /* Assets.xcassets */ = {isa = PBXFileReference; lastKnownFileType = folder.assetcatalog; path = Assets.xcassets; sourceTree = "<group>"; };
		AA82433F2A1F94A40092947E /* Preview Assets.xcassets */ = {isa = PBXFileReference; lastKnownFileType = folder.assetcatalog; path = "Preview Assets.xcassets"; sourceTree = "<group>"; };
		AA8243462A1F99A00092947E /* CapsuleText.swift */ = {isa = PBXFileReference; lastKnownFileType = sourcecode.swift; path = CapsuleText.swift; sourceTree = "<group>"; };
		AA8243482A1F9AB00092947E /* Watermark.swift */ = {isa = PBXFileReference; lastKnownFileType = sourcecode.swift; path = Watermark.swift; sourceTree = "<group>"; };
/* End PBXFileReference section */

/* Begin PBXFrameworksBuildPhase section */
		AA8243322A1F94A20092947E /* Frameworks */ = {
			isa = PBXFrameworksBuildPhase;
			buildActionMask = 2147483647;
			files = (
			);
			runOnlyForDeploymentPostprocessing = 0;
		};
/* End PBXFrameworksBuildPhase section */

/* Begin PBXGroup section */
		AA82432C2A1F94A20092947E = {
			isa = PBXGroup;
			children = (
				AA76234A2A20E698009B6A22 /* ImBlue.swift */,
				AA8243482A1F9AB00092947E /* Watermark.swift */,
				AA8243372A1F94A20092947E /* Views and Modifiers */,
				AA8243362A1F94A20092947E /* Products */,
			);
			sourceTree = "<group>";
		};
		AA8243362A1F94A20092947E /* Products */ = {
			isa = PBXGroup;
			children = (
				AA8243352A1F94A20092947E /* Views and Modifiers.app */,
			);
			name = Products;
			sourceTree = "<group>";
		};
		AA8243372A1F94A20092947E /* Views and Modifiers */ = {
			isa = PBXGroup;
			children = (
				AA8243382A1F94A20092947E /* Views_and_ModifiersApp.swift */,
				AA82433A2A1F94A20092947E /* ContentView.swift */,
				AA8243462A1F99A00092947E /* CapsuleText.swift */,
				AA82433C2A1F94A40092947E /* Assets.xcassets */,
				AA82433E2A1F94A40092947E /* Preview Content */,
			);
			path = "Views and Modifiers";
			sourceTree = "<group>";
		};
		AA82433E2A1F94A40092947E /* Preview Content */ = {
			isa = PBXGroup;
			children = (
				AA82433F2A1F94A40092947E /* Preview Assets.xcassets */,
			);
			path = "Preview Content";
			sourceTree = "<group>";
		};
/* End PBXGroup section */

/* Begin PBXNativeTarget section */
		AA8243342A1F94A20092947E /* Views and Modifiers */ = {
			isa = PBXNativeTarget;
			buildConfigurationList = AA8243432A1F94A40092947E /* Build configuration list for PBXNativeTarget "Views and Modifiers" */;
			buildPhases = (
				AA8243312A1F94A20092947E /* Sources */,
				AA8243322A1F94A20092947E /* Frameworks */,
				AA8243332A1F94A20092947E /* Resources */,
			);
			buildRules = (
			);
			dependencies = (
			);
			name = "Views and Modifiers";
			productName = "Views and Modifiers";
			productReference = AA8243352A1F94A20092947E /* Views and Modifiers.app */;
			productType = "com.apple.product-type.application";
		};
/* End PBXNativeTarget section */

/* Begin PBXProject section */
		AA82432D2A1F94A20092947E /* Project object */ = {
			isa = PBXProject;
			attributes = {
				BuildIndependentTargetsInParallel = 1;
				LastSwiftUpdateCheck = 1430;
				LastUpgradeCheck = 1430;
				TargetAttributes = {
					AA8243342A1F94A20092947E = {
						CreatedOnToolsVersion = 14.3;
					};
				};
			};
			buildConfigurationList = AA8243302A1F94A20092947E /* Build configuration list for PBXProject "Views and Modifiers" */;
			compatibilityVersion = "Xcode 14.0";
			developmentRegion = en;
			hasScannedForEncodings = 0;
			knownRegions = (
				en,
				Base,
			);
			mainGroup = AA82432C2A1F94A20092947E;
			productRefGroup = AA8243362A1F94A20092947E /* Products */;
			projectDirPath = "";
			projectRoot = "";
			targets = (
				AA8243342A1F94A20092947E /* Views and Modifiers */,
			);
		};
/* End PBXProject section */

/* Begin PBXResourcesBuildPhase section */
		AA8243332A1F94A20092947E /* Resources */ = {
			isa = PBXResourcesBuildPhase;
			buildActionMask = 2147483647;
			files = (
				AA8243402A1F94A40092947E /* Preview Assets.xcassets in Resources */,
				AA82433D2A1F94A40092947E /* Assets.xcassets in Resources */,
			);
			runOnlyForDeploymentPostprocessing = 0;
		};
/* End PBXResourcesBuildPhase section */

/* Begin PBXSourcesBuildPhase section */
		AA8243312A1F94A20092947E /* Sources */ = {
			isa = PBXSourcesBuildPhase;
			buildActionMask = 2147483647;
			files = (
				AA8243492A1F9AB00092947E /* Watermark.swift in Sources */,
				AA76234B2A20E698009B6A22 /* ImBlue.swift in Sources */,
				AA82433B2A1F94A20092947E /* ContentView.swift in Sources */,
				AA8243392A1F94A20092947E /* Views_and_ModifiersApp.swift in Sources */,
				AA8243472A1F99A00092947E /* CapsuleText.swift in Sources */,
			);
			runOnlyForDeploymentPostprocessing = 0;
		};
/* End PBXSourcesBuildPhase section */

/* Begin XCBuildConfiguration section */
		AA8243412A1F94A40092947E /* Debug */ = {
			isa = XCBuildConfiguration;
			buildSettings = {
				ALWAYS_SEARCH_USER_PATHS = NO;
				CLANG_ANALYZER_NONNULL = YES;
				CLANG_ANALYZER_NUMBER_OBJECT_CONVERSION = YES_AGGRESSIVE;
				CLANG_CXX_LANGUAGE_STANDARD = "gnu++20";
				CLANG_ENABLE_MODULES = YES;
				CLANG_ENABLE_OBJC_ARC = YES;
				CLANG_ENABLE_OBJC_WEAK = YES;
				CLANG_WARN_BLOCK_CAPTURE_AUTORELEASING = YES;
				CLANG_WARN_BOOL_CONVERSION = YES;
				CLANG_WARN_COMMA = YES;
				CLANG_WARN_CONSTANT_CONVERSION = YES;
				CLANG_WARN_DEPRECATED_OBJC_IMPLEMENTATIONS = YES;
				CLANG_WARN_DIRECT_OBJC_ISA_USAGE = YES_ERROR;
				CLANG_WARN_DOCUMENTATION_COMMENTS = YES;
				CLANG_WARN_EMPTY_BODY = YES;
				CLANG_WARN_ENUM_CONVERSION = YES;
				CLANG_WARN_INFINITE_RECURSION = YES;
				CLANG_WARN_INT_CONVERSION = YES;
				CLANG_WARN_NON_LITERAL_NULL_CONVERSION = YES;
				CLANG_WARN_OBJC_IMPLICIT_RETAIN_SELF = YES;
				CLANG_WARN_OBJC_LITERAL_CONVERSION = YES;
				CLANG_WARN_OBJC_ROOT_CLASS = YES_ERROR;
				CLANG_WARN_QUOTED_INCLUDE_IN_FRAMEWORK_HEADER = YES;
				CLANG_WARN_RANGE_LOOP_ANALYSIS = YES;
				CLANG_WARN_STRICT_PROTOTYPES = YES;
				CLANG_WARN_SUSPICIOUS_MOVE = YES;
				CLANG_WARN_UNGUARDED_AVAILABILITY = YES_AGGRESSIVE;
				CLANG_WARN_UNREACHABLE_CODE = YES;
				CLANG_WARN__DUPLICATE_METHOD_MATCH = YES;
				COPY_PHASE_STRIP = NO;
				DEBUG_INFORMATION_FORMAT = dwarf;
				ENABLE_STRICT_OBJC_MSGSEND = YES;
				ENABLE_TESTABILITY = YES;
				GCC_C_LANGUAGE_STANDARD = gnu11;
				GCC_DYNAMIC_NO_PIC = NO;
				GCC_NO_COMMON_BLOCKS = YES;
				GCC_OPTIMIZATION_LEVEL = 0;
				GCC_PREPROCESSOR_DEFINITIONS = (
					"DEBUG=1",
					"$(inherited)",
				);
				GCC_WARN_64_TO_32_BIT_CONVERSION = YES;
				GCC_WARN_ABOUT_RETURN_TYPE = YES_ERROR;
				GCC_WARN_UNDECLARED_SELECTOR = YES;
				GCC_WARN_UNINITIALIZED_AUTOS = YES_AGGRESSIVE;
				GCC_WARN_UNUSED_FUNCTION = YES;
				GCC_WARN_UNUSED_VARIABLE = YES;
				IPHONEOS_DEPLOYMENT_TARGET = 16.4;
				MTL_ENABLE_DEBUG_INFO = INCLUDE_SOURCE;
				MTL_FAST_MATH = YES;
				ONLY_ACTIVE_ARCH = YES;
				SDKROOT = iphoneos;
				SWIFT_ACTIVE_COMPILATION_CONDITIONS = DEBUG;
				SWIFT_OPTIMIZATION_LEVEL = "-Onone";
			};
			name = Debug;
		};
		AA8243422A1F94A40092947E /* Release */ = {
			isa = XCBuildConfiguration;
			buildSettings = {
				ALWAYS_SEARCH_USER_PATHS = NO;
				CLANG_ANALYZER_NONNULL = YES;
				CLANG_ANALYZER_NUMBER_OBJECT_CONVERSION = YES_AGGRESSIVE;
				CLANG_CXX_LANGUAGE_STANDARD = "gnu++20";
				CLANG_ENABLE_MODULES = YES;
				CLANG_ENABLE_OBJC_ARC = YES;
				CLANG_ENABLE_OBJC_WEAK = YES;
				CLANG_WARN_BLOCK_CAPTURE_AUTORELEASING = YES;
				CLANG_WARN_BOOL_CONVERSION = YES;
				CLANG_WARN_COMMA = YES;
				CLANG_WARN_CONSTANT_CONVERSION = YES;
				CLANG_WARN_DEPRECATED_OBJC_IMPLEMENTATIONS = YES;
				CLANG_WARN_DIRECT_OBJC_ISA_USAGE = YES_ERROR;
				CLANG_WARN_DOCUMENTATION_COMMENTS = YES;
				CLANG_WARN_EMPTY_BODY = YES;
				CLANG_WARN_ENUM_CONVERSION = YES;
				CLANG_WARN_INFINITE_RECURSION = YES;
				CLANG_WARN_INT_CONVERSION = YES;
				CLANG_WARN_NON_LITERAL_NULL_CONVERSION = YES;
				CLANG_WARN_OBJC_IMPLICIT_RETAIN_SELF = YES;
				CLANG_WARN_OBJC_LITERAL_CONVERSION = YES;
				CLANG_WARN_OBJC_ROOT_CLASS = YES_ERROR;
				CLANG_WARN_QUOTED_INCLUDE_IN_FRAMEWORK_HEADER = YES;
				CLANG_WARN_RANGE_LOOP_ANALYSIS = YES;
				CLANG_WARN_STRICT_PROTOTYPES = YES;
				CLANG_WARN_SUSPICIOUS_MOVE = YES;
				CLANG_WARN_UNGUARDED_AVAILABILITY = YES_AGGRESSIVE;
				CLANG_WARN_UNREACHABLE_CODE = YES;
				CLANG_WARN__DUPLICATE_METHOD_MATCH = YES;
				COPY_PHASE_STRIP = NO;
				DEBUG_INFORMATION_FORMAT = "dwarf-with-dsym";
				ENABLE_NS_ASSERTIONS = NO;
				ENABLE_STRICT_OBJC_MSGSEND = YES;
				GCC_C_LANGUAGE_STANDARD = gnu11;
				GCC_NO_COMMON_BLOCKS = YES;
				GCC_WARN_64_TO_32_BIT_CONVERSION = YES;
				GCC_WARN_ABOUT_RETURN_TYPE = YES_ERROR;
				GCC_WARN_UNDECLARED_SELECTOR = YES;
				GCC_WARN_UNINITIALIZED_AUTOS = YES_AGGRESSIVE;
				GCC_WARN_UNUSED_FUNCTION = YES;
				GCC_WARN_UNUSED_VARIABLE = YES;
				IPHONEOS_DEPLOYMENT_TARGET = 16.4;
				MTL_ENABLE_DEBUG_INFO = NO;
				MTL_FAST_MATH = YES;
				SDKROOT = iphoneos;
				SWIFT_COMPILATION_MODE = wholemodule;
				SWIFT_OPTIMIZATION_LEVEL = "-O";
				VALIDATE_PRODUCT = YES;
			};
			name = Release;
		};
		AA8243442A1F94A40092947E /* Debug */ = {
			isa = XCBuildConfiguration;
			buildSettings = {
				ASSETCATALOG_COMPILER_APPICON_NAME = AppIcon;
				ASSETCATALOG_COMPILER_GLOBAL_ACCENT_COLOR_NAME = AccentColor;
				CODE_SIGN_STYLE = Automatic;
				CURRENT_PROJECT_VERSION = 1;
				DEVELOPMENT_ASSET_PATHS = "\"Views and Modifiers/Preview Content\"";
				ENABLE_PREVIEWS = YES;
				GENERATE_INFOPLIST_FILE = YES;
				INFOPLIST_KEY_UIApplicationSceneManifest_Generation = YES;
				INFOPLIST_KEY_UIApplicationSupportsIndirectInputEvents = YES;
				INFOPLIST_KEY_UILaunchScreen_Generation = YES;
				INFOPLIST_KEY_UISupportedInterfaceOrientations_iPad = "UIInterfaceOrientationPortrait UIInterfaceOrientationPortraitUpsideDown UIInterfaceOrientationLandscapeLeft UIInterfaceOrientationLandscapeRight";
				INFOPLIST_KEY_UISupportedInterfaceOrientations_iPhone = "UIInterfaceOrientationPortrait UIInterfaceOrientationLandscapeLeft UIInterfaceOrientationLandscapeRight";
				LD_RUNPATH_SEARCH_PATHS = (
					"$(inherited)",
					"@executable_path/Frameworks",
				);
				MARKETING_VERSION = 1.0;
				PRODUCT_BUNDLE_IDENTIFIER = "com.shermandigital.Views-and-Modifiers";
				PRODUCT_NAME = "$(TARGET_NAME)";
				SWIFT_EMIT_LOC_STRINGS = YES;
				SWIFT_VERSION = 5.0;
				TARGETED_DEVICE_FAMILY = "1,2";
			};
			name = Debug;
		};
		AA8243452A1F94A40092947E /* Release */ = {
			isa = XCBuildConfiguration;
			buildSettings = {
				ASSETCATALOG_COMPILER_APPICON_NAME = AppIcon;
				ASSETCATALOG_COMPILER_GLOBAL_ACCENT_COLOR_NAME = AccentColor;
				CODE_SIGN_STYLE = Automatic;
				CURRENT_PROJECT_VERSION = 1;
				DEVELOPMENT_ASSET_PATHS = "\"Views and Modifiers/Preview Content\"";
				ENABLE_PREVIEWS = YES;
				GENERATE_INFOPLIST_FILE = YES;
				INFOPLIST_KEY_UIApplicationSceneManifest_Generation = YES;
				INFOPLIST_KEY_UIApplicationSupportsIndirectInputEvents = YES;
				INFOPLIST_KEY_UILaunchScreen_Generation = YES;
				INFOPLIST_KEY_UISupportedInterfaceOrientations_iPad = "UIInterfaceOrientationPortrait UIInterfaceOrientationPortraitUpsideDown UIInterfaceOrientationLandscapeLeft UIInterfaceOrientationLandscapeRight";
				INFOPLIST_KEY_UISupportedInterfaceOrientations_iPhone = "UIInterfaceOrientationPortrait UIInterfaceOrientationLandscapeLeft UIInterfaceOrientationLandscapeRight";
				LD_RUNPATH_SEARCH_PATHS = (
					"$(inherited)",
					"@executable_path/Frameworks",
				);
				MARKETING_VERSION = 1.0;
				PRODUCT_BUNDLE_IDENTIFIER = "com.shermandigital.Views-and-Modifiers";
				PRODUCT_NAME = "$(TARGET_NAME)";
				SWIFT_EMIT_LOC_STRINGS = YES;
				SWIFT_VERSION = 5.0;
				TARGETED_DEVICE_FAMILY = "1,2";
			};
			name = Release;
		};
/* End XCBuildConfiguration section */

/* Begin XCConfigurationList section */
		AA8243302A1F94A20092947E /* Build configuration list for PBXProject "Views and Modifiers" */ = {
			isa = XCConfigurationList;
			buildConfigurations = (
				AA8243412A1F94A40092947E /* Debug */,
				AA8243422A1F94A40092947E /* Release */,
			);
			defaultConfigurationIsVisible = 0;
			defaultConfigurationName = Release;
		};
		AA8243432A1F94A40092947E /* Build configuration list for PBXNativeTarget "Views and Modifiers" */ = {
			isa = XCConfigurationList;
			buildConfigurations = (
				AA8243442A1F94A40092947E /* Debug */,
				AA8243452A1F94A40092947E /* Release */,
			);
			defaultConfigurationIsVisible = 0;
			defaultConfigurationName = Release;
		};
/* End XCConfigurationList section */
	};
	rootObject = AA82432D2A1F94A20092947E /* Project object */;
}
