// !$*UTF8*$!
{
	archiveVersion = 1;
	classes = {
	};
	objectVersion = 56;
	objects = {

/* Begin PBXBuildFile section */
		AA8AF0932A601E040083F652 /* AddBookView.swift in Sources */ = {isa = PBXBuildFile; fileRef = AA8AF0922A601E040083F652 /* AddBookView.swift */; };
		AA8AF0952A6022B40083F652 /* RatingView.swift in Sources */ = {isa = PBXBuildFile; fileRef = AA8AF0942A6022B40083F652 /* RatingView.swift */; };
		AA8AF0972A6027E50083F652 /* EmojiRatingView.swift in Sources */ = {isa = PBXBuildFile; fileRef = AA8AF0962A6027E50083F652 /* EmojiRatingView.swift */; };
		AA8AF0992A602AC70083F652 /* DetailView.swift in Sources */ = {isa = PBXBuildFile; fileRef = AA8AF0982A602AC70083F652 /* DetailView.swift */; };
		AAB042482A5EDEDD00AA2E66 /* BookwormApp.swift in Sources */ = {isa = PBXBuildFile; fileRef = AAB042472A5EDEDD00AA2E66 /* BookwormApp.swift */; };
		AAB0424A2A5EDEDD00AA2E66 /* ContentView.swift in Sources */ = {isa = PBXBuildFile; fileRef = AAB042492A5EDEDD00AA2E66 /* ContentView.swift */; };
		AAB0424C2A5EDEDE00AA2E66 /* Assets.xcassets in Resources */ = {isa = PBXBuildFile; fileRef = AAB0424B2A5EDEDE00AA2E66 /* Assets.xcassets */; };
		AAB0424F2A5EDEDE00AA2E66 /* Preview Assets.xcassets in Resources */ = {isa = PBXBuildFile; fileRef = AAB0424E2A5EDEDE00AA2E66 /* Preview Assets.xcassets */; };
		AAB042562A5EDFBB00AA2E66 /* PushButtonView.swift in Sources */ = {isa = PBXBuildFile; fileRef = AAB042552A5EDFBB00AA2E66 /* PushButtonView.swift */; };
		AAB042592A5EE1D200AA2E66 /* Bookworm.xcdatamodeld in Sources */ = {isa = PBXBuildFile; fileRef = AAB042572A5EE1D200AA2E66 /* Bookworm.xcdatamodeld */; };
		AAB0425B2A5EE23D00AA2E66 /* DataController.swift in Sources */ = {isa = PBXBuildFile; fileRef = AAB0425A2A5EE23D00AA2E66 /* DataController.swift */; };
/* End PBXBuildFile section */

/* Begin PBXFileReference section */
		AA8AF0922A601E040083F652 /* AddBookView.swift */ = {isa = PBXFileReference; lastKnownFileType = sourcecode.swift; path = AddBookView.swift; sourceTree = "<group>"; };
		AA8AF0942A6022B40083F652 /* RatingView.swift */ = {isa = PBXFileReference; lastKnownFileType = sourcecode.swift; path = RatingView.swift; sourceTree = "<group>"; };
		AA8AF0962A6027E50083F652 /* EmojiRatingView.swift */ = {isa = PBXFileReference; lastKnownFileType = sourcecode.swift; path = EmojiRatingView.swift; sourceTree = "<group>"; };
		AA8AF0982A602AC70083F652 /* DetailView.swift */ = {isa = PBXFileReference; lastKnownFileType = sourcecode.swift; path = DetailView.swift; sourceTree = "<group>"; };
		AAB042442A5EDEDD00AA2E66 /* Bookworm.app */ = {isa = PBXFileReference; explicitFileType = wrapper.application; includeInIndex = 0; path = Bookworm.app; sourceTree = BUILT_PRODUCTS_DIR; };
		AAB042472A5EDEDD00AA2E66 /* BookwormApp.swift */ = {isa = PBXFileReference; lastKnownFileType = sourcecode.swift; path = BookwormApp.swift; sourceTree = "<group>"; };
		AAB042492A5EDEDD00AA2E66 /* ContentView.swift */ = {isa = PBXFileReference; lastKnownFileType = sourcecode.swift; path = ContentView.swift; sourceTree = "<group>"; };
		AAB0424B2A5EDEDE00AA2E66 /* Assets.xcassets */ = {isa = PBXFileReference; lastKnownFileType = folder.assetcatalog; path = Assets.xcassets; sourceTree = "<group>"; };
		AAB0424E2A5EDEDE00AA2E66 /* Preview Assets.xcassets */ = {isa = PBXFileReference; lastKnownFileType = folder.assetcatalog; path = "Preview Assets.xcassets"; sourceTree = "<group>"; };
		AAB042552A5EDFBB00AA2E66 /* PushButtonView.swift */ = {isa = PBXFileReference; lastKnownFileType = sourcecode.swift; path = PushButtonView.swift; sourceTree = "<group>"; };
		AAB042582A5EE1D200AA2E66 /* Bookworm.xcdatamodel */ = {isa = PBXFileReference; lastKnownFileType = wrapper.xcdatamodel; path = Bookworm.xcdatamodel; sourceTree = "<group>"; };
		AAB0425A2A5EE23D00AA2E66 /* DataController.swift */ = {isa = PBXFileReference; lastKnownFileType = sourcecode.swift; path = DataController.swift; sourceTree = "<group>"; };
/* End PBXFileReference section */

/* Begin PBXFrameworksBuildPhase section */
		AAB042412A5EDEDD00AA2E66 /* Frameworks */ = {
			isa = PBXFrameworksBuildPhase;
			buildActionMask = 2147483647;
			files = (
			);
			runOnlyForDeploymentPostprocessing = 0;
		};
/* End PBXFrameworksBuildPhase section */

/* Begin PBXGroup section */
		AAB0423B2A5EDEDD00AA2E66 = {
			isa = PBXGroup;
			children = (
				AAB042462A5EDEDD00AA2E66 /* Bookworm */,
				AAB042452A5EDEDD00AA2E66 /* Products */,
			);
			sourceTree = "<group>";
		};
		AAB042452A5EDEDD00AA2E66 /* Products */ = {
			isa = PBXGroup;
			children = (
				AAB042442A5EDEDD00AA2E66 /* Bookworm.app */,
			);
			name = Products;
			sourceTree = "<group>";
		};
		AAB042462A5EDEDD00AA2E66 /* Bookworm */ = {
			isa = PBXGroup;
			children = (
				AAB042472A5EDEDD00AA2E66 /* BookwormApp.swift */,
				AAB042492A5EDEDD00AA2E66 /* ContentView.swift */,
				AA8AF0982A602AC70083F652 /* DetailView.swift */,
				AAB042572A5EE1D200AA2E66 /* Bookworm.xcdatamodeld */,
				AA8AF0922A601E040083F652 /* AddBookView.swift */,
				AA8AF0962A6027E50083F652 /* EmojiRatingView.swift */,
				AA8AF0942A6022B40083F652 /* RatingView.swift */,
				AAB0425A2A5EE23D00AA2E66 /* DataController.swift */,
				AAB042552A5EDFBB00AA2E66 /* PushButtonView.swift */,
				AAB0424B2A5EDEDE00AA2E66 /* Assets.xcassets */,
				AAB0424D2A5EDEDE00AA2E66 /* Preview Content */,
			);
			path = Bookworm;
			sourceTree = "<group>";
		};
		AAB0424D2A5EDEDE00AA2E66 /* Preview Content */ = {
			isa = PBXGroup;
			children = (
				AAB0424E2A5EDEDE00AA2E66 /* Preview Assets.xcassets */,
			);
			path = "Preview Content";
			sourceTree = "<group>";
		};
/* End PBXGroup section */

/* Begin PBXNativeTarget section */
		AAB042432A5EDEDD00AA2E66 /* Bookworm */ = {
			isa = PBXNativeTarget;
			buildConfigurationList = AAB042522A5EDEDE00AA2E66 /* Build configuration list for PBXNativeTarget "Bookworm" */;
			buildPhases = (
				AAB042402A5EDEDD00AA2E66 /* Sources */,
				AAB042412A5EDEDD00AA2E66 /* Frameworks */,
				AAB042422A5EDEDD00AA2E66 /* Resources */,
			);
			buildRules = (
			);
			dependencies = (
			);
			name = Bookworm;
			productName = Bookworm;
			productReference = AAB042442A5EDEDD00AA2E66 /* Bookworm.app */;
			productType = "com.apple.product-type.application";
		};
/* End PBXNativeTarget section */

/* Begin PBXProject section */
		AAB0423C2A5EDEDD00AA2E66 /* Project object */ = {
			isa = PBXProject;
			attributes = {
				BuildIndependentTargetsInParallel = 1;
				LastSwiftUpdateCheck = 1430;
				LastUpgradeCheck = 1430;
				TargetAttributes = {
					AAB042432A5EDEDD00AA2E66 = {
						CreatedOnToolsVersion = 14.3.1;
					};
				};
			};
			buildConfigurationList = AAB0423F2A5EDEDD00AA2E66 /* Build configuration list for PBXProject "Bookworm" */;
			compatibilityVersion = "Xcode 14.0";
			developmentRegion = en;
			hasScannedForEncodings = 0;
			knownRegions = (
				en,
				Base,
			);
			mainGroup = AAB0423B2A5EDEDD00AA2E66;
			productRefGroup = AAB042452A5EDEDD00AA2E66 /* Products */;
			projectDirPath = "";
			projectRoot = "";
			targets = (
				AAB042432A5EDEDD00AA2E66 /* Bookworm */,
			);
		};
/* End PBXProject section */

/* Begin PBXResourcesBuildPhase section */
		AAB042422A5EDEDD00AA2E66 /* Resources */ = {
			isa = PBXResourcesBuildPhase;
			buildActionMask = 2147483647;
			files = (
				AAB0424F2A5EDEDE00AA2E66 /* Preview Assets.xcassets in Resources */,
				AAB0424C2A5EDEDE00AA2E66 /* Assets.xcassets in Resources */,
			);
			runOnlyForDeploymentPostprocessing = 0;
		};
/* End PBXResourcesBuildPhase section */

/* Begin PBXSourcesBuildPhase section */
		AAB042402A5EDEDD00AA2E66 /* Sources */ = {
			isa = PBXSourcesBuildPhase;
			buildActionMask = 2147483647;
			files = (
				AAB0425B2A5EE23D00AA2E66 /* DataController.swift in Sources */,
				AA8AF0992A602AC70083F652 /* DetailView.swift in Sources */,
				AA8AF0932A601E040083F652 /* AddBookView.swift in Sources */,
				AAB0424A2A5EDEDD00AA2E66 /* ContentView.swift in Sources */,
				AAB042592A5EE1D200AA2E66 /* Bookworm.xcdatamodeld in Sources */,
				AA8AF0972A6027E50083F652 /* EmojiRatingView.swift in Sources */,
				AAB042562A5EDFBB00AA2E66 /* PushButtonView.swift in Sources */,
				AAB042482A5EDEDD00AA2E66 /* BookwormApp.swift in Sources */,
				AA8AF0952A6022B40083F652 /* RatingView.swift in Sources */,
			);
			runOnlyForDeploymentPostprocessing = 0;
		};
/* End PBXSourcesBuildPhase section */

/* Begin XCBuildConfiguration section */
		AAB042502A5EDEDE00AA2E66 /* Debug */ = {
			isa = XCBuildConfiguration;
			buildSettings = {
				ALWAYS_SEARCH_USER_PATHS = NO;
				CLANG_ANALYZER_NONNULL = YES;
				CLANG_ANALYZER_NUMBER_OBJECT_CONVERSION = YES_AGGRESSIVE;
				CLANG_CXX_LANGUAGE_STANDARD = "gnu++20";
				CLANG_ENABLE_MODULES = YES;
				CLANG_ENABLE_OBJC_ARC = YES;
				CLANG_ENABLE_OBJC_WEAK = YES;
				CLANG_WARN_BLOCK_CAPTURE_AUTORELEASING = YES;
				CLANG_WARN_BOOL_CONVERSION = YES;
				CLANG_WARN_COMMA = YES;
				CLANG_WARN_CONSTANT_CONVERSION = YES;
				CLANG_WARN_DEPRECATED_OBJC_IMPLEMENTATIONS = YES;
				CLANG_WARN_DIRECT_OBJC_ISA_USAGE = YES_ERROR;
				CLANG_WARN_DOCUMENTATION_COMMENTS = YES;
				CLANG_WARN_EMPTY_BODY = YES;
				CLANG_WARN_ENUM_CONVERSION = YES;
				CLANG_WARN_INFINITE_RECURSION = YES;
				CLANG_WARN_INT_CONVERSION = YES;
				CLANG_WARN_NON_LITERAL_NULL_CONVERSION = YES;
				CLANG_WARN_OBJC_IMPLICIT_RETAIN_SELF = YES;
				CLANG_WARN_OBJC_LITERAL_CONVERSION = YES;
				CLANG_WARN_OBJC_ROOT_CLASS = YES_ERROR;
				CLANG_WARN_QUOTED_INCLUDE_IN_FRAMEWORK_HEADER = YES;
				CLANG_WARN_RANGE_LOOP_ANALYSIS = YES;
				CLANG_WARN_STRICT_PROTOTYPES = YES;
				CLANG_WARN_SUSPICIOUS_MOVE = YES;
				CLANG_WARN_UNGUARDED_AVAILABILITY = YES_AGGRESSIVE;
				CLANG_WARN_UNREACHABLE_CODE = YES;
				CLANG_WARN__DUPLICATE_METHOD_MATCH = YES;
				COPY_PHASE_STRIP = NO;
				DEBUG_INFORMATION_FORMAT = dwarf;
				ENABLE_STRICT_OBJC_MSGSEND = YES;
				ENABLE_TESTABILITY = YES;
				GCC_C_LANGUAGE_STANDARD = gnu11;
				GCC_DYNAMIC_NO_PIC = NO;
				GCC_NO_COMMON_BLOCKS = YES;
				GCC_OPTIMIZATION_LEVEL = 0;
				GCC_PREPROCESSOR_DEFINITIONS = (
					"DEBUG=1",
					"$(inherited)",
				);
				GCC_WARN_64_TO_32_BIT_CONVERSION = YES;
				GCC_WARN_ABOUT_RETURN_TYPE = YES_ERROR;
				GCC_WARN_UNDECLARED_SELECTOR = YES;
				GCC_WARN_UNINITIALIZED_AUTOS = YES_AGGRESSIVE;
				GCC_WARN_UNUSED_FUNCTION = YES;
				GCC_WARN_UNUSED_VARIABLE = YES;
				IPHONEOS_DEPLOYMENT_TARGET = 16.4;
				MTL_ENABLE_DEBUG_INFO = INCLUDE_SOURCE;
				MTL_FAST_MATH = YES;
				ONLY_ACTIVE_ARCH = YES;
				SDKROOT = iphoneos;
				SWIFT_ACTIVE_COMPILATION_CONDITIONS = DEBUG;
				SWIFT_OPTIMIZATION_LEVEL = "-Onone";
			};
			name = Debug;
		};
		AAB042512A5EDEDE00AA2E66 /* Release */ = {
			isa = XCBuildConfiguration;
			buildSettings = {
				ALWAYS_SEARCH_USER_PATHS = NO;
				CLANG_ANALYZER_NONNULL = YES;
				CLANG_ANALYZER_NUMBER_OBJECT_CONVERSION = YES_AGGRESSIVE;
				CLANG_CXX_LANGUAGE_STANDARD = "gnu++20";
				CLANG_ENABLE_MODULES = YES;
				CLANG_ENABLE_OBJC_ARC = YES;
				CLANG_ENABLE_OBJC_WEAK = YES;
				CLANG_WARN_BLOCK_CAPTURE_AUTORELEASING = YES;
				CLANG_WARN_BOOL_CONVERSION = YES;
				CLANG_WARN_COMMA = YES;
				CLANG_WARN_CONSTANT_CONVERSION = YES;
				CLANG_WARN_DEPRECATED_OBJC_IMPLEMENTATIONS = YES;
				CLANG_WARN_DIRECT_OBJC_ISA_USAGE = YES_ERROR;
				CLANG_WARN_DOCUMENTATION_COMMENTS = YES;
				CLANG_WARN_EMPTY_BODY = YES;
				CLANG_WARN_ENUM_CONVERSION = YES;
				CLANG_WARN_INFINITE_RECURSION = YES;
				CLANG_WARN_INT_CONVERSION = YES;
				CLANG_WARN_NON_LITERAL_NULL_CONVERSION = YES;
				CLANG_WARN_OBJC_IMPLICIT_RETAIN_SELF = YES;
				CLANG_WARN_OBJC_LITERAL_CONVERSION = YES;
				CLANG_WARN_OBJC_ROOT_CLASS = YES_ERROR;
				CLANG_WARN_QUOTED_INCLUDE_IN_FRAMEWORK_HEADER = YES;
				CLANG_WARN_RANGE_LOOP_ANALYSIS = YES;
				CLANG_WARN_STRICT_PROTOTYPES = YES;
				CLANG_WARN_SUSPICIOUS_MOVE = YES;
				CLANG_WARN_UNGUARDED_AVAILABILITY = YES_AGGRESSIVE;
				CLANG_WARN_UNREACHABLE_CODE = YES;
				CLANG_WARN__DUPLICATE_METHOD_MATCH = YES;
				COPY_PHASE_STRIP = NO;
				DEBUG_INFORMATION_FORMAT = "dwarf-with-dsym";
				ENABLE_NS_ASSERTIONS = NO;
				ENABLE_STRICT_OBJC_MSGSEND = YES;
				GCC_C_LANGUAGE_STANDARD = gnu11;
				GCC_NO_COMMON_BLOCKS = YES;
				GCC_WARN_64_TO_32_BIT_CONVERSION = YES;
				GCC_WARN_ABOUT_RETURN_TYPE = YES_ERROR;
				GCC_WARN_UNDECLARED_SELECTOR = YES;
				GCC_WARN_UNINITIALIZED_AUTOS = YES_AGGRESSIVE;
				GCC_WARN_UNUSED_FUNCTION = YES;
				GCC_WARN_UNUSED_VARIABLE = YES;
				IPHONEOS_DEPLOYMENT_TARGET = 16.4;
				MTL_ENABLE_DEBUG_INFO = NO;
				MTL_FAST_MATH = YES;
				SDKROOT = iphoneos;
				SWIFT_COMPILATION_MODE = wholemodule;
				SWIFT_OPTIMIZATION_LEVEL = "-O";
				VALIDATE_PRODUCT = YES;
			};
			name = Release;
		};
		AAB042532A5EDEDE00AA2E66 /* Debug */ = {
			isa = XCBuildConfiguration;
			buildSettings = {
				ASSETCATALOG_COMPILER_APPICON_NAME = AppIcon;
				ASSETCATALOG_COMPILER_GLOBAL_ACCENT_COLOR_NAME = AccentColor;
				CODE_SIGN_STYLE = Automatic;
				CURRENT_PROJECT_VERSION = 1;
				DEVELOPMENT_ASSET_PATHS = "\"Bookworm/Preview Content\"";
				ENABLE_PREVIEWS = YES;
				GENERATE_INFOPLIST_FILE = YES;
				INFOPLIST_KEY_UIApplicationSceneManifest_Generation = YES;
				INFOPLIST_KEY_UIApplicationSupportsIndirectInputEvents = YES;
				INFOPLIST_KEY_UILaunchScreen_Generation = YES;
				INFOPLIST_KEY_UISupportedInterfaceOrientations_iPad = "UIInterfaceOrientationPortrait UIInterfaceOrientationPortraitUpsideDown UIInterfaceOrientationLandscapeLeft UIInterfaceOrientationLandscapeRight";
				INFOPLIST_KEY_UISupportedInterfaceOrientations_iPhone = "UIInterfaceOrientationPortrait UIInterfaceOrientationLandscapeLeft UIInterfaceOrientationLandscapeRight";
				LD_RUNPATH_SEARCH_PATHS = (
					"$(inherited)",
					"@executable_path/Frameworks",
				);
				MARKETING_VERSION = 1.0;
				PRODUCT_BUNDLE_IDENTIFIER = com.shermandigital.Bookworm;
				PRODUCT_NAME = "$(TARGET_NAME)";
				SWIFT_EMIT_LOC_STRINGS = YES;
				SWIFT_VERSION = 5.0;
				TARGETED_DEVICE_FAMILY = "1,2";
			};
			name = Debug;
		};
		AAB042542A5EDEDE00AA2E66 /* Release */ = {
			isa = XCBuildConfiguration;
			buildSettings = {
				ASSETCATALOG_COMPILER_APPICON_NAME = AppIcon;
				ASSETCATALOG_COMPILER_GLOBAL_ACCENT_COLOR_NAME = AccentColor;
				CODE_SIGN_STYLE = Automatic;
				CURRENT_PROJECT_VERSION = 1;
				DEVELOPMENT_ASSET_PATHS = "\"Bookworm/Preview Content\"";
				ENABLE_PREVIEWS = YES;
				GENERATE_INFOPLIST_FILE = YES;
				INFOPLIST_KEY_UIApplicationSceneManifest_Generation = YES;
				INFOPLIST_KEY_UIApplicationSupportsIndirectInputEvents = YES;
				INFOPLIST_KEY_UILaunchScreen_Generation = YES;
				INFOPLIST_KEY_UISupportedInterfaceOrientations_iPad = "UIInterfaceOrientationPortrait UIInterfaceOrientationPortraitUpsideDown UIInterfaceOrientationLandscapeLeft UIInterfaceOrientationLandscapeRight";
				INFOPLIST_KEY_UISupportedInterfaceOrientations_iPhone = "UIInterfaceOrientationPortrait UIInterfaceOrientationLandscapeLeft UIInterfaceOrientationLandscapeRight";
				LD_RUNPATH_SEARCH_PATHS = (
					"$(inherited)",
					"@executable_path/Frameworks",
				);
				MARKETING_VERSION = 1.0;
				PRODUCT_BUNDLE_IDENTIFIER = com.shermandigital.Bookworm;
				PRODUCT_NAME = "$(TARGET_NAME)";
				SWIFT_EMIT_LOC_STRINGS = YES;
				SWIFT_VERSION = 5.0;
				TARGETED_DEVICE_FAMILY = "1,2";
			};
			name = Release;
		};
/* End XCBuildConfiguration section */

/* Begin XCConfigurationList section */
		AAB0423F2A5EDEDD00AA2E66 /* Build configuration list for PBXProject "Bookworm" */ = {
			isa = XCConfigurationList;
			buildConfigurations = (
				AAB042502A5EDEDE00AA2E66 /* Debug */,
				AAB042512A5EDEDE00AA2E66 /* Release */,
			);
			defaultConfigurationIsVisible = 0;
			defaultConfigurationName = Release;
		};
		AAB042522A5EDEDE00AA2E66 /* Build configuration list for PBXNativeTarget "Bookworm" */ = {
			isa = XCConfigurationList;
			buildConfigurations = (
				AAB042532A5EDEDE00AA2E66 /* Debug */,
				AAB042542A5EDEDE00AA2E66 /* Release */,
			);
			defaultConfigurationIsVisible = 0;
			defaultConfigurationName = Release;
		};
/* End XCConfigurationList section */

/* Begin XCVersionGroup section */
		AAB042572A5EE1D200AA2E66 /* Bookworm.xcdatamodeld */ = {
			isa = XCVersionGroup;
			children = (
				AAB042582A5EE1D200AA2E66 /* Bookworm.xcdatamodel */,
			);
			currentVersion = AAB042582A5EE1D200AA2E66 /* Bookworm.xcdatamodel */;
			path = Bookworm.xcdatamodeld;
			sourceTree = "<group>";
			versionGroupType = wrapper.xcdatamodel;
		};
/* End XCVersionGroup section */
	};
	rootObject = AAB0423C2A5EDEDD00AA2E66 /* Project object */;
}
